{
  "pid": 51139,
  "startedAt": "2026-03-12T09:22:28.938Z",
  "unitType": "complete-milestone",
  "unitId": "M001",
  "unitStartedAt": "2026-03-12T09:22:28.938Z",
  "completedUnits": 1,
  "sessionFile": "/Users/craig/.gsd/sessions/--Users-craig-src-github-alt-html-year-planner--/2026-03-12T09-22-28-938Z_f8ce08b7-cbd8-4567-abc2-bd61a79c55ba.jsonl"
}